
Microsoft Visual Studio Solution File, Format Version 12.00
# Visual Studio 15
VisualStudioVersion = 15.0.27428.2011
MinimumVisualStudioVersion = 10.0.40219.1
Project("{2150E333-8FDC-42A3-9474-1A3956D46DE8}") = ".nuget", ".nuget", "{CE534E08-6053-4371-800E-13851FAE2707}"
	ProjectSection(SolutionItems) = preProject
		.nuget\NuGet.Config = .nuget\NuGet.Config
		.nuget\NuGet.exe = .nuget\NuGet.exe
		.nuget\NuGet.targets = .nuget\NuGet.targets
	EndProjectSection
EndProject
Project("{FAE04EC0-301F-11D3-BF4B-00C04F79EFBC}") = "EventTracker.Web", "EventTracker.Web\EventTracker.Web.csproj", "{708AADFD-7CC8-47D7-8881-3895C8D82B86}"
EndProject
Project("{FAE04EC0-301F-11D3-BF4B-00C04F79EFBC}") = "EventTracker.Lib", "EventTracker.Lib\EventTracker.Lib.csproj", "{48E7EC17-9891-4406-AB06-7442C03E4DF1}"
EndProject
Global
	GlobalSection(SolutionConfigurationPlatforms) = preSolution
		Debug|Any CPU = Debug|Any CPU
		Release|Any CPU = Release|Any CPU
	EndGlobalSection
	GlobalSection(ProjectConfigurationPlatforms) = postSolution
		{708AADFD-7CC8-47D7-8881-3895C8D82B86}.Debug|Any CPU.ActiveCfg = Debug|Any CPU
		{708AADFD-7CC8-47D7-8881-3895C8D82B86}.Debug|Any CPU.Build.0 = Debug|Any CPU
		{708AADFD-7CC8-47D7-8881-3895C8D82B86}.Release|Any CPU.ActiveCfg = Release|Any CPU
		{708AADFD-7CC8-47D7-8881-3895C8D82B86}.Release|Any CPU.Build.0 = Release|Any CPU
		{48E7EC17-9891-4406-AB06-7442C03E4DF1}.Debug|Any CPU.ActiveCfg = Debug|Any CPU
		{48E7EC17-9891-4406-AB06-7442C03E4DF1}.Debug|Any CPU.Build.0 = Debug|Any CPU
		{48E7EC17-9891-4406-AB06-7442C03E4DF1}.Release|Any CPU.ActiveCfg = Release|Any CPU
		{48E7EC17-9891-4406-AB06-7442C03E4DF1}.Release|Any CPU.Build.0 = Release|Any CPU
	EndGlobalSection
	GlobalSection(SolutionProperties) = preSolution
		HideSolutionNode = FALSE
	EndGlobalSection
	GlobalSection(ExtensibilityGlobals) = postSolution
		SolutionGuid = {45D4BA61-793C-4715-844E-8A6921A8F0CF}
	EndGlobalSection
EndGlobal
